
Microsoft Visual Studio Solution File, Format Version 12.00
# Visual Studio 15
VisualStudioVersion = 15.0.28307.329
MinimumVisualStudioVersion = 10.0.40219.1
Project("{FAE04EC0-301F-11D3-BF4B-00C04F79EFBC}") = "IAUToDoList", "IAUToDoList\IAUToDoList.csproj", "{8D718890-901E-46A2-8DDE-DB028D0498C1}"
EndProject
Global
	GlobalSection(SolutionConfigurationPlatforms) = preSolution
		Debug|Any CPU = Debug|Any CPU
		Release|Any CPU = Release|Any CPU
	EndGlobalSection
	GlobalSection(ProjectConfigurationPlatforms) = postSolution
		{8D718890-901E-46A2-8DDE-DB028D0498C1}.Debug|Any CPU.ActiveCfg = Debug|Any CPU
		{8D718890-901E-46A2-8DDE-DB028D0498C1}.Debug|Any CPU.Build.0 = Debug|Any CPU
		{8D718890-901E-46A2-8DDE-DB028D0498C1}.Release|Any CPU.ActiveCfg = Release|Any CPU
		{8D718890-901E-46A2-8DDE-DB028D0498C1}.Release|Any CPU.Build.0 = Release|Any CPU
	EndGlobalSection
	GlobalSection(SolutionProperties) = preSolution
		HideSolutionNode = FALSE
	EndGlobalSection
	GlobalSection(ExtensibilityGlobals) = postSolution
		SolutionGuid = {45810B97-42E4-4615-BE59-B6AA27C2918D}
	EndGlobalSection
EndGlobal
